{
  "name": "todo-app-frontend",
  "version": "1.0.0",
  "lockfileVersion": 3,
  "requires": true,
  "packages": {
    "": {
      "name": "todo-app-frontend",
      "version": "1.0.0",
      "dependencies": {
        "@uirouter/angularjs": "^1.0.26",
        "angular": "1.6.9"
      },
      "devDependencies": {
        "typescript": "^4.9.5"
      }
    },
    "node_modules/@uirouter/angularjs": {
      "version": "1.1.1",
      "resolved": "https://registry.npmjs.org/@uirouter/angularjs/-/angularjs-1.1.1.tgz",
      "integrity": "sha512-Ucsf8BFeyB8xykaxzEOec6amp+x83HxuDgU79xLi5A9029RpW+Zh9jhFTwLQq+9zm/KTkxisjDWJFuypQUTCYQ==",
      "license": "MIT",
      "engines": {
        "node": ">=4.0.0"
      },
      "peerDependencies": {
        "@uirouter/core": "^6.1.1",
        "angular": ">=1.2.0"
      }
    },
    "node_modules/@uirouter/core": {
      "version": "6.1.1",
      "resolved": "https://registry.npmjs.org/@uirouter/core/-/core-6.1.1.tgz",
      "integrity": "sha512-vA+OolBOe0R8dbFk5mgaj30LzYzOoGhMJzj356KVQcx+wKdZHUs0dnMPuuHbKe/CEbErTgFA3MfRAW96qVc2hA==",
      "license": "MIT",
      "peer": true,
      "engines": {
        "node": ">=4.0.0"
      }
    },
    "node_modules/angular": {
      "version": "1.6.9",
      "resolved": "https://registry.npmjs.org/angular/-/angular-1.6.9.tgz",
      "integrity": "sha512-6igWH2GIsxV+J38wNWCh8oyjaZsrIPIDO35twloIUyjlF2Yit6UyLAWujHP05ma/LFxTsx4NtYibRoMNBXPR1A==",
      "deprecated": "For the actively supported Angular, see https://www.npmjs.com/package/@angular/core. AngularJS support has officially ended. For extended AngularJS support options, see https://goo.gle/angularjs-path-forward.",
      "license": "MIT"
    },
    "node_modules/typescript": {
      "version": "4.9.5",
      "resolved": "https://registry.npmjs.org/typescript/-/typescript-4.9.5.tgz",
      "integrity": "sha512-1FXk9E2Hm+QzZQ7z+McJiHL4NW1F2EzMu9Nq9i3zAaGqibafqYwCVU6WyWAuyQRRzOlxou8xZSyXLEN8oKj24g==",
      "dev": true,
      "license": "Apache-2.0",
      "bin": {
        "tsc": "bin/tsc",
        "tsserver": "bin/tsserver"
      },
      "engines": {
        "node": ">=4.2.0"
      }
    }
  }
}
